
Microsoft Visual Studio Solution File, Format Version 12.00
# Visual Studio Version 17
VisualStudioVersion = 17.4.33205.214
MinimumVisualStudioVersion = 10.0.40219.1
Project("{FAE04EC0-301F-11D3-BF4B-00C04F79EFBC}") = "Prn231_FinalProject", "Prn231_FinalProject\Prn231_FinalProject.csproj", "{B5C16C7F-322D-402A-B4F1-BB6E6A3DC982}"
EndProject
Project("{FAE04EC0-301F-11D3-BF4B-00C04F79EFBC}") = "PRN231_CallApi_Final", "PRN231_CallApi_Final\PRN231_CallApi_Final.csproj", "{F4EF0F98-D615-48BB-8F55-3F0E3F4EFC5A}"
EndProject
Global
	GlobalSection(SolutionConfigurationPlatforms) = preSolution
		Debug|Any CPU = Debug|Any CPU
		Release|Any CPU = Release|Any CPU
	EndGlobalSection
	GlobalSection(ProjectConfigurationPlatforms) = postSolution
		{B5C16C7F-322D-402A-B4F1-BB6E6A3DC982}.Debug|Any CPU.ActiveCfg = Debug|Any CPU
		{B5C16C7F-322D-402A-B4F1-BB6E6A3DC982}.Debug|Any CPU.Build.0 = Debug|Any CPU
		{B5C16C7F-322D-402A-B4F1-BB6E6A3DC982}.Release|Any CPU.ActiveCfg = Release|Any CPU
		{B5C16C7F-322D-402A-B4F1-BB6E6A3DC982}.Release|Any CPU.Build.0 = Release|Any CPU
		{F4EF0F98-D615-48BB-8F55-3F0E3F4EFC5A}.Debug|Any CPU.ActiveCfg = Debug|Any CPU
		{F4EF0F98-D615-48BB-8F55-3F0E3F4EFC5A}.Debug|Any CPU.Build.0 = Debug|Any CPU
		{F4EF0F98-D615-48BB-8F55-3F0E3F4EFC5A}.Release|Any CPU.ActiveCfg = Release|Any CPU
		{F4EF0F98-D615-48BB-8F55-3F0E3F4EFC5A}.Release|Any CPU.Build.0 = Release|Any CPU
	EndGlobalSection
	GlobalSection(SolutionProperties) = preSolution
		HideSolutionNode = FALSE
	EndGlobalSection
	GlobalSection(ExtensibilityGlobals) = postSolution
		SolutionGuid = {AA225635-63A2-4134-9815-F1C51EE69121}
	EndGlobalSection
EndGlobal
